
Microsoft Visual Studio Solution File, Format Version 12.00
# Visual Studio 15
VisualStudioVersion = 15.0.27428.2015
MinimumVisualStudioVersion = 10.0.40219.1
Project("{FAE04EC0-301F-11D3-BF4B-00C04F79EFBC}") = "App14", "App14\App14.csproj", "{C9519F7D-B2D7-44A9-9E9E-49F684E6FBD9}"
EndProject
Global
	GlobalSection(SolutionConfigurationPlatforms) = preSolution
		Debug|Any CPU = Debug|Any CPU
		Release|Any CPU = Release|Any CPU
	EndGlobalSection
	GlobalSection(ProjectConfigurationPlatforms) = postSolution
		{C9519F7D-B2D7-44A9-9E9E-49F684E6FBD9}.Debug|Any CPU.ActiveCfg = Debug|Any CPU
		{C9519F7D-B2D7-44A9-9E9E-49F684E6FBD9}.Debug|Any CPU.Build.0 = Debug|Any CPU
		{C9519F7D-B2D7-44A9-9E9E-49F684E6FBD9}.Debug|Any CPU.Deploy.0 = Debug|Any CPU
		{C9519F7D-B2D7-44A9-9E9E-49F684E6FBD9}.Release|Any CPU.ActiveCfg = Release|Any CPU
		{C9519F7D-B2D7-44A9-9E9E-49F684E6FBD9}.Release|Any CPU.Build.0 = Release|Any CPU
		{C9519F7D-B2D7-44A9-9E9E-49F684E6FBD9}.Release|Any CPU.Deploy.0 = Release|Any CPU
	EndGlobalSection
	GlobalSection(SolutionProperties) = preSolution
		HideSolutionNode = FALSE
	EndGlobalSection
	GlobalSection(ExtensibilityGlobals) = postSolution
		SolutionGuid = {CE2BB031-8FAD-4E2E-BA81-7859DB2048BA}
	EndGlobalSection
EndGlobal
